// !$*UTF8*$!
{
	archiveVersion = 1;
	classes = {
	};
	objectVersion = 46;
	objects = {

/* Begin PBXBuildFile section */
		7CFC44D41B39481100BAA0B6 /* main.m in Sources */ = {isa = PBXBuildFile; fileRef = 7CFC44D31B39481100BAA0B6 /* main.m */; };
		7CFC44D71B39481100BAA0B6 /* AppDelegate.m in Sources */ = {isa = PBXBuildFile; fileRef = 7CFC44D61B39481100BAA0B6 /* AppDelegate.m */; };
		7CFC44DA1B39481100BAA0B6 /* ViewController.m in Sources */ = {isa = PBXBuildFile; fileRef = 7CFC44D91B39481100BAA0B6 /* ViewController.m */; };
		7CFC44DD1B39481100BAA0B6 /* Main.storyboard in Resources */ = {isa = PBXBuildFile; fileRef = 7CFC44DB1B39481100BAA0B6 /* Main.storyboard */; };
		7CFC44DF1B39481100BAA0B6 /* Images.xcassets in Resources */ = {isa = PBXBuildFile; fileRef = 7CFC44DE1B39481100BAA0B6 /* Images.xcassets */; };
		7CFC44E21B39481100BAA0B6 /* LaunchScreen.xib in Resources */ = {isa = PBXBuildFile; fileRef = 7CFC44E01B39481100BAA0B6 /* LaunchScreen.xib */; };
		7CFC44EE1B39481100BAA0B6 /* CallbackTests.m in Sources */ = {isa = PBXBuildFile; fileRef = 7CFC44ED1B39481100BAA0B6 /* CallbackTests.m */; };
		7CFC44F91B39486100BAA0B6 /* Component.m in Sources */ = {isa = PBXBuildFile; fileRef = 7CFC44F81B39486100BAA0B6 /* Component.m */; };
/* End PBXBuildFile section */

/* Begin PBXContainerItemProxy section */
		7CFC44E81B39481100BAA0B6 /* PBXContainerItemProxy */ = {
			isa = PBXContainerItemProxy;
			containerPortal = 7CFC44C61B39481100BAA0B6 /* Project object */;
			proxyType = 1;
			remoteGlobalIDString = 7CFC44CD1B39481100BAA0B6;
			remoteInfo = Callback;
		};
/* End PBXContainerItemProxy section */

/* Begin PBXFileReference section */
		7CFC44CE1B39481100BAA0B6 /* Callback.app */ = {isa = PBXFileReference; explicitFileType = wrapper.application; includeInIndex = 0; path = Callback.app; sourceTree = BUILT_PRODUCTS_DIR; };
		7CFC44D21B39481100BAA0B6 /* Info.plist */ = {isa = PBXFileReference; lastKnownFileType = text.plist.xml; path = Info.plist; sourceTree = "<group>"; };
		7CFC44D31B39481100BAA0B6 /* main.m */ = {isa = PBXFileReference; lastKnownFileType = sourcecode.c.objc; path = main.m; sourceTree = "<group>"; };
		7CFC44D51B39481100BAA0B6 /* AppDelegate.h */ = {isa = PBXFileReference; lastKnownFileType = sourcecode.c.h; path = AppDelegate.h; sourceTree = "<group>"; };
		7CFC44D61B39481100BAA0B6 /* AppDelegate.m */ = {isa = PBXFileReference; lastKnownFileType = sourcecode.c.objc; path = AppDelegate.m; sourceTree = "<group>"; };
		7CFC44D81B39481100BAA0B6 /* ViewController.h */ = {isa = PBXFileReference; lastKnownFileType = sourcecode.c.h; path = ViewController.h; sourceTree = "<group>"; };
		7CFC44D91B39481100BAA0B6 /* ViewController.m */ = {isa = PBXFileReference; lastKnownFileType = sourcecode.c.objc; path = ViewController.m; sourceTree = "<group>"; };
		7CFC44DC1B39481100BAA0B6 /* Base */ = {isa = PBXFileReference; lastKnownFileType = file.storyboard; name = Base; path = Base.lproj/Main.storyboard; sourceTree = "<group>"; };
		7CFC44DE1B39481100BAA0B6 /* Images.xcassets */ = {isa = PBXFileReference; lastKnownFileType = folder.assetcatalog; path = Images.xcassets; sourceTree = "<group>"; };
		7CFC44E11B39481100BAA0B6 /* Base */ = {isa = PBXFileReference; lastKnownFileType = file.xib; name = Base; path = Base.lproj/LaunchScreen.xib; sourceTree = "<group>"; };
		7CFC44E71B39481100BAA0B6 /* CallbackTests.xctest */ = {isa = PBXFileReference; explicitFileType = wrapper.cfbundle; includeInIndex = 0; path = CallbackTests.xctest; sourceTree = BUILT_PRODUCTS_DIR; };
		7CFC44EC1B39481100BAA0B6 /* Info.plist */ = {isa = PBXFileReference; lastKnownFileType = text.plist.xml; path = Info.plist; sourceTree = "<group>"; };
		7CFC44ED1B39481100BAA0B6 /* CallbackTests.m */ = {isa = PBXFileReference; lastKnownFileType = sourcecode.c.objc; path = CallbackTests.m; sourceTree = "<group>"; };
		7CFC44F71B39486100BAA0B6 /* Component.h */ = {isa = PBXFileReference; fileEncoding = 4; lastKnownFileType = sourcecode.c.h; path = Component.h; sourceTree = "<group>"; };
		7CFC44F81B39486100BAA0B6 /* Component.m */ = {isa = PBXFileReference; fileEncoding = 4; lastKnownFileType = sourcecode.c.objc; path = Component.m; sourceTree = "<group>"; };
/* End PBXFileReference section */

/* Begin PBXFrameworksBuildPhase section */
		7CFC44CB1B39481100BAA0B6 /* Frameworks */ = {
			isa = PBXFrameworksBuildPhase;
			buildActionMask = 2147483647;
			files = (
			);
			runOnlyForDeploymentPostprocessing = 0;
		};
		7CFC44E41B39481100BAA0B6 /* Frameworks */ = {
			isa = PBXFrameworksBuildPhase;
			buildActionMask = 2147483647;
			files = (
			);
			runOnlyForDeploymentPostprocessing = 0;
		};
/* End PBXFrameworksBuildPhase section */

/* Begin PBXGroup section */
		7CFC44C51B39481100BAA0B6 = {
			isa = PBXGroup;
			children = (
				7CFC44D01B39481100BAA0B6 /* Callback */,
				7CFC44EA1B39481100BAA0B6 /* CallbackTests */,
				7CFC44CF1B39481100BAA0B6 /* Products */,
			);
			sourceTree = "<group>";
		};
		7CFC44CF1B39481100BAA0B6 /* Products */ = {
			isa = PBXGroup;
			children = (
				7CFC44CE1B39481100BAA0B6 /* Callback.app */,
				7CFC44E71B39481100BAA0B6 /* CallbackTests.xctest */,
			);
			name = Products;
			sourceTree = "<group>";
		};
		7CFC44D01B39481100BAA0B6 /* Callback */ = {
			isa = PBXGroup;
			children = (
				7CFC44D51B39481100BAA0B6 /* AppDelegate.h */,
				7CFC44D61B39481100BAA0B6 /* AppDelegate.m */,
				7CFC44D81B39481100BAA0B6 /* ViewController.h */,
				7CFC44D91B39481100BAA0B6 /* ViewController.m */,
				7CFC44F71B39486100BAA0B6 /* Component.h */,
				7CFC44F81B39486100BAA0B6 /* Component.m */,
				7CFC44DB1B39481100BAA0B6 /* Main.storyboard */,
				7CFC44DE1B39481100BAA0B6 /* Images.xcassets */,
				7CFC44E01B39481100BAA0B6 /* LaunchScreen.xib */,
				7CFC44D11B39481100BAA0B6 /* Supporting Files */,
			);
			path = Callback;
			sourceTree = "<group>";
		};
		7CFC44D11B39481100BAA0B6 /* Supporting Files */ = {
			isa = PBXGroup;
			children = (
				7CFC44D21B39481100BAA0B6 /* Info.plist */,
				7CFC44D31B39481100BAA0B6 /* main.m */,
			);
			name = "Supporting Files";
			sourceTree = "<group>";
		};
		7CFC44EA1B39481100BAA0B6 /* CallbackTests */ = {
			isa = PBXGroup;
			children = (
				7CFC44ED1B39481100BAA0B6 /* CallbackTests.m */,
				7CFC44EB1B39481100BAA0B6 /* Supporting Files */,
			);
			path = CallbackTests;
			sourceTree = "<group>";
		};
		7CFC44EB1B39481100BAA0B6 /* Supporting Files */ = {
			isa = PBXGroup;
			children = (
				7CFC44EC1B39481100BAA0B6 /* Info.plist */,
			);
			name = "Supporting Files";
			sourceTree = "<group>";
		};
/* End PBXGroup section */

/* Begin PBXNativeTarget section */
		7CFC44CD1B39481100BAA0B6 /* Callback */ = {
			isa = PBXNativeTarget;
			buildConfigurationList = 7CFC44F11B39481100BAA0B6 /* Build configuration list for PBXNativeTarget "Callback" */;
			buildPhases = (
				7CFC44CA1B39481100BAA0B6 /* Sources */,
				7CFC44CB1B39481100BAA0B6 /* Frameworks */,
				7CFC44CC1B39481100BAA0B6 /* Resources */,
			);
			buildRules = (
			);
			dependencies = (
			);
			name = Callback;
			productName = Callback;
			productReference = 7CFC44CE1B39481100BAA0B6 /* Callback.app */;
			productType = "com.apple.product-type.application";
		};
		7CFC44E61B39481100BAA0B6 /* CallbackTests */ = {
			isa = PBXNativeTarget;
			buildConfigurationList = 7CFC44F41B39481100BAA0B6 /* Build configuration list for PBXNativeTarget "CallbackTests" */;
			buildPhases = (
				7CFC44E31B39481100BAA0B6 /* Sources */,
				7CFC44E41B39481100BAA0B6 /* Frameworks */,
				7CFC44E51B39481100BAA0B6 /* Resources */,
			);
			buildRules = (
			);
			dependencies = (
				7CFC44E91B39481100BAA0B6 /* PBXTargetDependency */,
			);
			name = CallbackTests;
			productName = CallbackTests;
			productReference = 7CFC44E71B39481100BAA0B6 /* CallbackTests.xctest */;
			productType = "com.apple.product-type.bundle.unit-test";
		};
/* End PBXNativeTarget section */

/* Begin PBXProject section */
		7CFC44C61B39481100BAA0B6 /* Project object */ = {
			isa = PBXProject;
			attributes = {
				LastUpgradeCheck = 0630;
				ORGANIZATIONNAME = miniu;
				TargetAttributes = {
					7CFC44CD1B39481100BAA0B6 = {
						CreatedOnToolsVersion = 6.3.2;
					};
					7CFC44E61B39481100BAA0B6 = {
						CreatedOnToolsVersion = 6.3.2;
						TestTargetID = 7CFC44CD1B39481100BAA0B6;
					};
				};
			};
			buildConfigurationList = 7CFC44C91B39481100BAA0B6 /* Build configuration list for PBXProject "Callback" */;
			compatibilityVersion = "Xcode 3.2";
			developmentRegion = English;
			hasScannedForEncodings = 0;
			knownRegions = (
				en,
				Base,
			);
			mainGroup = 7CFC44C51B39481100BAA0B6;
			productRefGroup = 7CFC44CF1B39481100BAA0B6 /* Products */;
			projectDirPath = "";
			projectRoot = "";
			targets = (
				7CFC44CD1B39481100BAA0B6 /* Callback */,
				7CFC44E61B39481100BAA0B6 /* CallbackTests */,
			);
		};
/* End PBXProject section */

/* Begin PBXResourcesBuildPhase section */
		7CFC44CC1B39481100BAA0B6 /* Resources */ = {
			isa = PBXResourcesBuildPhase;
			buildActionMask = 2147483647;
			files = (
				7CFC44DD1B39481100BAA0B6 /* Main.storyboard in Resources */,
				7CFC44E21B39481100BAA0B6 /* LaunchScreen.xib in Resources */,
				7CFC44DF1B39481100BAA0B6 /* Images.xcassets in Resources */,
			);
			runOnlyForDeploymentPostprocessing = 0;
		};
		7CFC44E51B39481100BAA0B6 /* Resources */ = {
			isa = PBXResourcesBuildPhase;
			buildActionMask = 2147483647;
			files = (
			);
			runOnlyForDeploymentPostprocessing = 0;
		};
/* End PBXResourcesBuildPhase section */

/* Begin PBXSourcesBuildPhase section */
		7CFC44CA1B39481100BAA0B6 /* Sources */ = {
			isa = PBXSourcesBuildPhase;
			buildActionMask = 2147483647;
			files = (
				7CFC44DA1B39481100BAA0B6 /* ViewController.m in Sources */,
				7CFC44F91B39486100BAA0B6 /* Component.m in Sources */,
				7CFC44D71B39481100BAA0B6 /* AppDelegate.m in Sources */,
				7CFC44D41B39481100BAA0B6 /* main.m in Sources */,
			);
			runOnlyForDeploymentPostprocessing = 0;
		};
		7CFC44E31B39481100BAA0B6 /* Sources */ = {
			isa = PBXSourcesBuildPhase;
			buildActionMask = 2147483647;
			files = (
				7CFC44EE1B39481100BAA0B6 /* CallbackTests.m in Sources */,
			);
			runOnlyForDeploymentPostprocessing = 0;
		};
/* End PBXSourcesBuildPhase section */

/* Begin PBXTargetDependency section */
		7CFC44E91B39481100BAA0B6 /* PBXTargetDependency */ = {
			isa = PBXTargetDependency;
			target = 7CFC44CD1B39481100BAA0B6 /* Callback */;
			targetProxy = 7CFC44E81B39481100BAA0B6 /* PBXContainerItemProxy */;
		};
/* End PBXTargetDependency section */

/* Begin PBXVariantGroup section */
		7CFC44DB1B39481100BAA0B6 /* Main.storyboard */ = {
			isa = PBXVariantGroup;
			children = (
				7CFC44DC1B39481100BAA0B6 /* Base */,
			);
			name = Main.storyboard;
			sourceTree = "<group>";
		};
		7CFC44E01B39481100BAA0B6 /* LaunchScreen.xib */ = {
			isa = PBXVariantGroup;
			children = (
				7CFC44E11B39481100BAA0B6 /* Base */,
			);
			name = LaunchScreen.xib;
			sourceTree = "<group>";
		};
/* End PBXVariantGroup section */

/* Begin XCBuildConfiguration section */
		7CFC44EF1B39481100BAA0B6 /* Debug */ = {
			isa = XCBuildConfiguration;
			buildSettings = {
				ALWAYS_SEARCH_USER_PATHS = NO;
				CLANG_CXX_LANGUAGE_STANDARD = "gnu++0x";
				CLANG_CXX_LIBRARY = "libc++";
				CLANG_ENABLE_MODULES = YES;
				CLANG_ENABLE_OBJC_ARC = YES;
				CLANG_WARN_BOOL_CONVERSION = YES;
				CLANG_WARN_CONSTANT_CONVERSION = YES;
				CLANG_WARN_DIRECT_OBJC_ISA_USAGE = YES_ERROR;
				CLANG_WARN_EMPTY_BODY = YES;
				CLANG_WARN_ENUM_CONVERSION = YES;
				CLANG_WARN_INT_CONVERSION = YES;
				CLANG_WARN_OBJC_ROOT_CLASS = YES_ERROR;
				CLANG_WARN_UNREACHABLE_CODE = YES;
				CLANG_WARN__DUPLICATE_METHOD_MATCH = YES;
				"CODE_SIGN_IDENTITY[sdk=iphoneos*]" = "iPhone Developer";
				COPY_PHASE_STRIP = NO;
				DEBUG_INFORMATION_FORMAT = "dwarf-with-dsym";
				ENABLE_STRICT_OBJC_MSGSEND = YES;
				GCC_C_LANGUAGE_STANDARD = gnu99;
				GCC_DYNAMIC_NO_PIC = NO;
				GCC_NO_COMMON_BLOCKS = YES;
				GCC_OPTIMIZATION_LEVEL = 0;
				GCC_PREPROCESSOR_DEFINITIONS = (
					"DEBUG=1",
					"$(inherited)",
				);
				GCC_SYMBOLS_PRIVATE_EXTERN = NO;
				GCC_WARN_64_TO_32_BIT_CONVERSION = YES;
				GCC_WARN_ABOUT_RETURN_TYPE = YES_ERROR;
				GCC_WARN_UNDECLARED_SELECTOR = YES;
				GCC_WARN_UNINITIALIZED_AUTOS = YES_AGGRESSIVE;
				GCC_WARN_UNUSED_FUNCTION = YES;
				GCC_WARN_UNUSED_VARIABLE = YES;
				IPHONEOS_DEPLOYMENT_TARGET = 8.3;
				MTL_ENABLE_DEBUG_INFO = YES;
				ONLY_ACTIVE_ARCH = YES;
				SDKROOT = iphoneos;
			};
			name = Debug;
		};
		7CFC44F01B39481100BAA0B6 /* Release */ = {
			isa = XCBuildConfiguration;
			buildSettings = {
				ALWAYS_SEARCH_USER_PATHS = NO;
				CLANG_CXX_LANGUAGE_STANDARD = "gnu++0x";
				CLANG_CXX_LIBRARY = "libc++";
				CLANG_ENABLE_MODULES = YES;
				CLANG_ENABLE_OBJC_ARC = YES;
				CLANG_WARN_BOOL_CONVERSION = YES;
				CLANG_WARN_CONSTANT_CONVERSION = YES;
				CLANG_WARN_DIRECT_OBJC_ISA_USAGE = YES_ERROR;
				CLANG_WARN_EMPTY_BODY = YES;
				CLANG_WARN_ENUM_CONVERSION = YES;
				CLANG_WARN_INT_CONVERSION = YES;
				CLANG_WARN_OBJC_ROOT_CLASS = YES_ERROR;
				CLANG_WARN_UNREACHABLE_CODE = YES;
				CLANG_WARN__DUPLICATE_METHOD_MATCH = YES;
				"CODE_SIGN_IDENTITY[sdk=iphoneos*]" = "iPhone Developer";
				COPY_PHASE_STRIP = NO;
				DEBUG_INFORMATION_FORMAT = "dwarf-with-dsym";
				ENABLE_NS_ASSERTIONS = NO;
				ENABLE_STRICT_OBJC_MSGSEND = YES;
				GCC_C_LANGUAGE_STANDARD = gnu99;
				GCC_NO_COMMON_BLOCKS = YES;
				GCC_WARN_64_TO_32_BIT_CONVERSION = YES;
				GCC_WARN_ABOUT_RETURN_TYPE = YES_ERROR;
				GCC_WARN_UNDECLARED_SELECTOR = YES;
				GCC_WARN_UNINITIALIZED_AUTOS = YES_AGGRESSIVE;
				GCC_WARN_UNUSED_FUNCTION = YES;
				GCC_WARN_UNUSED_VARIABLE = YES;
				IPHONEOS_DEPLOYMENT_TARGET = 8.3;
				MTL_ENABLE_DEBUG_INFO = NO;
				SDKROOT = iphoneos;
				VALIDATE_PRODUCT = YES;
			};
			name = Release;
		};
		7CFC44F21B39481100BAA0B6 /* Debug */ = {
			isa = XCBuildConfiguration;
			buildSettings = {
				ASSETCATALOG_COMPILER_APPICON_NAME = AppIcon;
				INFOPLIST_FILE = Callback/Info.plist;
				LD_RUNPATH_SEARCH_PATHS = "$(inherited) @executable_path/Frameworks";
				PRODUCT_NAME = "$(TARGET_NAME)";
			};
			name = Debug;
		};
		7CFC44F31B39481100BAA0B6 /* Release */ = {
			isa = XCBuildConfiguration;
			buildSettings = {
				ASSETCATALOG_COMPILER_APPICON_NAME = AppIcon;
				INFOPLIST_FILE = Callback/Info.plist;
				LD_RUNPATH_SEARCH_PATHS = "$(inherited) @executable_path/Frameworks";
				PRODUCT_NAME = "$(TARGET_NAME)";
			};
			name = Release;
		};
		7CFC44F51B39481100BAA0B6 /* Debug */ = {
			isa = XCBuildConfiguration;
			buildSettings = {
				BUNDLE_LOADER = "$(TEST_HOST)";
				FRAMEWORK_SEARCH_PATHS = (
					"$(SDKROOT)/Developer/Library/Frameworks",
					"$(inherited)",
				);
				GCC_PREPROCESSOR_DEFINITIONS = (
					"DEBUG=1",
					"$(inherited)",
				);
				INFOPLIST_FILE = CallbackTests/Info.plist;
				LD_RUNPATH_SEARCH_PATHS = "$(inherited) @executable_path/Frameworks @loader_path/Frameworks";
				PRODUCT_NAME = "$(TARGET_NAME)";
				TEST_HOST = "$(BUILT_PRODUCTS_DIR)/Callback.app/Callback";
			};
			name = Debug;
		};
		7CFC44F61B39481100BAA0B6 /* Release */ = {
			isa = XCBuildConfiguration;
			buildSettings = {
				BUNDLE_LOADER = "$(TEST_HOST)";
				FRAMEWORK_SEARCH_PATHS = (
					"$(SDKROOT)/Developer/Library/Frameworks",
					"$(inherited)",
				);
				INFOPLIST_FILE = CallbackTests/Info.plist;
				LD_RUNPATH_SEARCH_PATHS = "$(inherited) @executable_path/Frameworks @loader_path/Frameworks";
				PRODUCT_NAME = "$(TARGET_NAME)";
				TEST_HOST = "$(BUILT_PRODUCTS_DIR)/Callback.app/Callback";
			};
			name = Release;
		};
/* End XCBuildConfiguration section */

/* Begin XCConfigurationList section */
		7CFC44C91B39481100BAA0B6 /* Build configuration list for PBXProject "Callback" */ = {
			isa = XCConfigurationList;
			buildConfigurations = (
				7CFC44EF1B39481100BAA0B6 /* Debug */,
				7CFC44F01B39481100BAA0B6 /* Release */,
			);
			defaultConfigurationIsVisible = 0;
			defaultConfigurationName = Release;
		};
		7CFC44F11B39481100BAA0B6 /* Build configuration list for PBXNativeTarget "Callback" */ = {
			isa = XCConfigurationList;
			buildConfigurations = (
				7CFC44F21B39481100BAA0B6 /* Debug */,
				7CFC44F31B39481100BAA0B6 /* Release */,
			);
			defaultConfigurationIsVisible = 0;
		};
		7CFC44F41B39481100BAA0B6 /* Build configuration list for PBXNativeTarget "CallbackTests" */ = {
			isa = XCConfigurationList;
			buildConfigurations = (
				7CFC44F51B39481100BAA0B6 /* Debug */,
				7CFC44F61B39481100BAA0B6 /* Release */,
			);
			defaultConfigurationIsVisible = 0;
		};
/* End XCConfigurationList section */
	};
	rootObject = 7CFC44C61B39481100BAA0B6 /* Project object */;
}
