PODS:
  - CocoaLumberjack (3.3.0):
    - CocoaLumberjack/Default (= 3.3.0)
    - CocoaLumberjack/Extensions (= 3.3.0)
  - CocoaLumberjack/Default (3.3.0)
  - CocoaLumberjack/Extensions (3.3.0):
    - CocoaLumberjack/Default

DEPENDENCIES:
  - CocoaLumberjack (= 3.3.0)

SPEC CHECKSUMS:
  CocoaLumberjack: 3c8c74683302f9012bb168e1c4b7ae3c0b558431

PODFILE CHECKSUM: bd1843a1adcf2b5e05be9d5ea397b8c6bd16b2fd

COCOAPODS: 1.3.1
