PODS:
  - FMDB (2.7.2):
    - FMDB/standard (= 2.7.2)
  - FMDB/standard (2.7.2)
  - MCCategory/UIView (6)
  - ZBToastHUD (1)

DEPENDENCIES:
  - FMDB
  - MCCategory/UIView (= 6)
  - ZBToastHUD (= 1)

SPEC REPOS:
  "git@gitlab.91jkys.com:iOS/KangshengPods/KKPods/Specs.git":
    - MCCategory
    - ZBToastHUD
  https://github.com/cocoapods/specs.git:
    - FMDB

SPEC CHECKSUMS:
  FMDB: 6198a90e7b6900cfc046e6bc0ef6ebb7be9236aa
  MCCategory: 1c94bbd625da29ad1128fab4aad06f5c0bb953a8
  ZBToastHUD: 14627682cb315f97980c55a7090bd8fa3a7f9523

PODFILE CHECKSUM: a7b1eb6c604026d8736f6579d916f46ccb4cc7f5

COCOAPODS: 1.5.2
