// !$*UTF8*$!
{
	archiveVersion = 1;
	classes = {
	};
	objectVersion = 48;
	objects = {

/* Begin PBXBuildFile section */
		E424030F1F95F6B300922F48 /* AppDelegate.m in Sources */ = {isa = PBXBuildFile; fileRef = E424030E1F95F6B300922F48 /* AppDelegate.m */; };
		E42403121F95F6B300922F48 /* ViewController.m in Sources */ = {isa = PBXBuildFile; fileRef = E42403111F95F6B300922F48 /* ViewController.m */; };
		E42403151F95F6B300922F48 /* Main.storyboard in Resources */ = {isa = PBXBuildFile; fileRef = E42403131F95F6B300922F48 /* Main.storyboard */; };
		E42403171F95F6B300922F48 /* Assets.xcassets in Resources */ = {isa = PBXBuildFile; fileRef = E42403161F95F6B300922F48 /* Assets.xcassets */; };
		E424031A1F95F6B300922F48 /* LaunchScreen.storyboard in Resources */ = {isa = PBXBuildFile; fileRef = E42403181F95F6B300922F48 /* LaunchScreen.storyboard */; };
		E424031D1F95F6B300922F48 /* main.m in Sources */ = {isa = PBXBuildFile; fileRef = E424031C1F95F6B300922F48 /* main.m */; };
/* End PBXBuildFile section */

/* Begin PBXFileReference section */
		E424030A1F95F6B300922F48 /* UNUserNotificationCenter.app */ = {isa = PBXFileReference; explicitFileType = wrapper.application; includeInIndex = 0; path = UNUserNotificationCenter.app; sourceTree = BUILT_PRODUCTS_DIR; };
		E424030D1F95F6B300922F48 /* AppDelegate.h */ = {isa = PBXFileReference; lastKnownFileType = sourcecode.c.h; path = AppDelegate.h; sourceTree = "<group>"; };
		E424030E1F95F6B300922F48 /* AppDelegate.m */ = {isa = PBXFileReference; lastKnownFileType = sourcecode.c.objc; path = AppDelegate.m; sourceTree = "<group>"; };
		E42403101F95F6B300922F48 /* ViewController.h */ = {isa = PBXFileReference; lastKnownFileType = sourcecode.c.h; path = ViewController.h; sourceTree = "<group>"; };
		E42403111F95F6B300922F48 /* ViewController.m */ = {isa = PBXFileReference; lastKnownFileType = sourcecode.c.objc; path = ViewController.m; sourceTree = "<group>"; };
		E42403141F95F6B300922F48 /* Base */ = {isa = PBXFileReference; lastKnownFileType = file.storyboard; name = Base; path = Base.lproj/Main.storyboard; sourceTree = "<group>"; };
		E42403161F95F6B300922F48 /* Assets.xcassets */ = {isa = PBXFileReference; lastKnownFileType = folder.assetcatalog; path = Assets.xcassets; sourceTree = "<group>"; };
		E42403191F95F6B300922F48 /* Base */ = {isa = PBXFileReference; lastKnownFileType = file.storyboard; name = Base; path = Base.lproj/LaunchScreen.storyboard; sourceTree = "<group>"; };
		E424031B1F95F6B300922F48 /* Info.plist */ = {isa = PBXFileReference; lastKnownFileType = text.plist.xml; path = Info.plist; sourceTree = "<group>"; };
		E424031C1F95F6B300922F48 /* main.m */ = {isa = PBXFileReference; lastKnownFileType = sourcecode.c.objc; path = main.m; sourceTree = "<group>"; };
/* End PBXFileReference section */

/* Begin PBXFrameworksBuildPhase section */
		E42403071F95F6B300922F48 /* Frameworks */ = {
			isa = PBXFrameworksBuildPhase;
			buildActionMask = 2147483647;
			files = (
			);
			runOnlyForDeploymentPostprocessing = 0;
		};
/* End PBXFrameworksBuildPhase section */

/* Begin PBXGroup section */
		E42403011F95F6B300922F48 = {
			isa = PBXGroup;
			children = (
				E424030C1F95F6B300922F48 /* UNUserNotificationCenter */,
				E424030B1F95F6B300922F48 /* Products */,
			);
			sourceTree = "<group>";
		};
		E424030B1F95F6B300922F48 /* Products */ = {
			isa = PBXGroup;
			children = (
				E424030A1F95F6B300922F48 /* UNUserNotificationCenter.app */,
			);
			name = Products;
			sourceTree = "<group>";
		};
		E424030C1F95F6B300922F48 /* UNUserNotificationCenter */ = {
			isa = PBXGroup;
			children = (
				E424030D1F95F6B300922F48 /* AppDelegate.h */,
				E424030E1F95F6B300922F48 /* AppDelegate.m */,
				E42403101F95F6B300922F48 /* ViewController.h */,
				E42403111F95F6B300922F48 /* ViewController.m */,
				E42403131F95F6B300922F48 /* Main.storyboard */,
				E42403161F95F6B300922F48 /* Assets.xcassets */,
				E42403181F95F6B300922F48 /* LaunchScreen.storyboard */,
				E424031B1F95F6B300922F48 /* Info.plist */,
				E424031C1F95F6B300922F48 /* main.m */,
			);
			path = UNUserNotificationCenter;
			sourceTree = "<group>";
		};
/* End PBXGroup section */

/* Begin PBXNativeTarget section */
		E42403091F95F6B300922F48 /* UNUserNotificationCenter */ = {
			isa = PBXNativeTarget;
			buildConfigurationList = E42403201F95F6B300922F48 /* Build configuration list for PBXNativeTarget "UNUserNotificationCenter" */;
			buildPhases = (
				E42403061F95F6B300922F48 /* Sources */,
				E42403071F95F6B300922F48 /* Frameworks */,
				E42403081F95F6B300922F48 /* Resources */,
			);
			buildRules = (
			);
			dependencies = (
			);
			name = UNUserNotificationCenter;
			productName = UNUserNotificationCenter;
			productReference = E424030A1F95F6B300922F48 /* UNUserNotificationCenter.app */;
			productType = "com.apple.product-type.application";
		};
/* End PBXNativeTarget section */

/* Begin PBXProject section */
		E42403021F95F6B300922F48 /* Project object */ = {
			isa = PBXProject;
			attributes = {
				LastUpgradeCheck = 0900;
				ORGANIZATIONNAME = muyu;
				TargetAttributes = {
					E42403091F95F6B300922F48 = {
						CreatedOnToolsVersion = 9.0;
						ProvisioningStyle = Manual;
					};
				};
			};
			buildConfigurationList = E42403051F95F6B300922F48 /* Build configuration list for PBXProject "UNUserNotificationCenter" */;
			compatibilityVersion = "Xcode 8.0";
			developmentRegion = en;
			hasScannedForEncodings = 0;
			knownRegions = (
				en,
				Base,
			);
			mainGroup = E42403011F95F6B300922F48;
			productRefGroup = E424030B1F95F6B300922F48 /* Products */;
			projectDirPath = "";
			projectRoot = "";
			targets = (
				E42403091F95F6B300922F48 /* UNUserNotificationCenter */,
			);
		};
/* End PBXProject section */

/* Begin PBXResourcesBuildPhase section */
		E42403081F95F6B300922F48 /* Resources */ = {
			isa = PBXResourcesBuildPhase;
			buildActionMask = 2147483647;
			files = (
				E424031A1F95F6B300922F48 /* LaunchScreen.storyboard in Resources */,
				E42403171F95F6B300922F48 /* Assets.xcassets in Resources */,
				E42403151F95F6B300922F48 /* Main.storyboard in Resources */,
			);
			runOnlyForDeploymentPostprocessing = 0;
		};
/* End PBXResourcesBuildPhase section */

/* Begin PBXSourcesBuildPhase section */
		E42403061F95F6B300922F48 /* Sources */ = {
			isa = PBXSourcesBuildPhase;
			buildActionMask = 2147483647;
			files = (
				E42403121F95F6B300922F48 /* ViewController.m in Sources */,
				E424031D1F95F6B300922F48 /* main.m in Sources */,
				E424030F1F95F6B300922F48 /* AppDelegate.m in Sources */,
			);
			runOnlyForDeploymentPostprocessing = 0;
		};
/* End PBXSourcesBuildPhase section */

/* Begin PBXVariantGroup section */
		E42403131F95F6B300922F48 /* Main.storyboard */ = {
			isa = PBXVariantGroup;
			children = (
				E42403141F95F6B300922F48 /* Base */,
			);
			name = Main.storyboard;
			sourceTree = "<group>";
		};
		E42403181F95F6B300922F48 /* LaunchScreen.storyboard */ = {
			isa = PBXVariantGroup;
			children = (
				E42403191F95F6B300922F48 /* Base */,
			);
			name = LaunchScreen.storyboard;
			sourceTree = "<group>";
		};
/* End PBXVariantGroup section */

/* Begin XCBuildConfiguration section */
		E424031E1F95F6B300922F48 /* Debug */ = {
			isa = XCBuildConfiguration;
			buildSettings = {
				ALWAYS_SEARCH_USER_PATHS = NO;
				CLANG_ANALYZER_NONNULL = YES;
				CLANG_ANALYZER_NUMBER_OBJECT_CONVERSION = YES_AGGRESSIVE;
				CLANG_CXX_LANGUAGE_STANDARD = "gnu++14";
				CLANG_CXX_LIBRARY = "libc++";
				CLANG_ENABLE_MODULES = YES;
				CLANG_ENABLE_OBJC_ARC = YES;
				CLANG_WARN_BLOCK_CAPTURE_AUTORELEASING = YES;
				CLANG_WARN_BOOL_CONVERSION = YES;
				CLANG_WARN_COMMA = YES;
				CLANG_WARN_CONSTANT_CONVERSION = YES;
				CLANG_WARN_DIRECT_OBJC_ISA_USAGE = YES_ERROR;
				CLANG_WARN_DOCUMENTATION_COMMENTS = YES;
				CLANG_WARN_EMPTY_BODY = YES;
				CLANG_WARN_ENUM_CONVERSION = YES;
				CLANG_WARN_INFINITE_RECURSION = YES;
				CLANG_WARN_INT_CONVERSION = YES;
				CLANG_WARN_NON_LITERAL_NULL_CONVERSION = YES;
				CLANG_WARN_OBJC_LITERAL_CONVERSION = YES;
				CLANG_WARN_OBJC_ROOT_CLASS = YES_ERROR;
				CLANG_WARN_RANGE_LOOP_ANALYSIS = YES;
				CLANG_WARN_STRICT_PROTOTYPES = YES;
				CLANG_WARN_SUSPICIOUS_MOVE = YES;
				CLANG_WARN_UNGUARDED_AVAILABILITY = YES_AGGRESSIVE;
				CLANG_WARN_UNREACHABLE_CODE = YES;
				CLANG_WARN__DUPLICATE_METHOD_MATCH = YES;
				CODE_SIGN_IDENTITY = "iPhone Developer";
				COPY_PHASE_STRIP = NO;
				DEBUG_INFORMATION_FORMAT = dwarf;
				ENABLE_STRICT_OBJC_MSGSEND = YES;
				ENABLE_TESTABILITY = YES;
				GCC_C_LANGUAGE_STANDARD = gnu11;
				GCC_DYNAMIC_NO_PIC = NO;
				GCC_NO_COMMON_BLOCKS = YES;
				GCC_OPTIMIZATION_LEVEL = 0;
				GCC_PREPROCESSOR_DEFINITIONS = (
					"DEBUG=1",
					"$(inherited)",
				);
				GCC_WARN_64_TO_32_BIT_CONVERSION = YES;
				GCC_WARN_ABOUT_RETURN_TYPE = YES_ERROR;
				GCC_WARN_UNDECLARED_SELECTOR = YES;
				GCC_WARN_UNINITIALIZED_AUTOS = YES_AGGRESSIVE;
				GCC_WARN_UNUSED_FUNCTION = YES;
				GCC_WARN_UNUSED_VARIABLE = YES;
				IPHONEOS_DEPLOYMENT_TARGET = 11.0;
				MTL_ENABLE_DEBUG_INFO = YES;
				ONLY_ACTIVE_ARCH = YES;
				SDKROOT = iphoneos;
			};
			name = Debug;
		};
		E424031F1F95F6B300922F48 /* Release */ = {
			isa = XCBuildConfiguration;
			buildSettings = {
				ALWAYS_SEARCH_USER_PATHS = NO;
				CLANG_ANALYZER_NONNULL = YES;
				CLANG_ANALYZER_NUMBER_OBJECT_CONVERSION = YES_AGGRESSIVE;
				CLANG_CXX_LANGUAGE_STANDARD = "gnu++14";
				CLANG_CXX_LIBRARY = "libc++";
				CLANG_ENABLE_MODULES = YES;
				CLANG_ENABLE_OBJC_ARC = YES;
				CLANG_WARN_BLOCK_CAPTURE_AUTORELEASING = YES;
				CLANG_WARN_BOOL_CONVERSION = YES;
				CLANG_WARN_COMMA = YES;
				CLANG_WARN_CONSTANT_CONVERSION = YES;
				CLANG_WARN_DIRECT_OBJC_ISA_USAGE = YES_ERROR;
				CLANG_WARN_DOCUMENTATION_COMMENTS = YES;
				CLANG_WARN_EMPTY_BODY = YES;
				CLANG_WARN_ENUM_CONVERSION = YES;
				CLANG_WARN_INFINITE_RECURSION = YES;
				CLANG_WARN_INT_CONVERSION = YES;
				CLANG_WARN_NON_LITERAL_NULL_CONVERSION = YES;
				CLANG_WARN_OBJC_LITERAL_CONVERSION = YES;
				CLANG_WARN_OBJC_ROOT_CLASS = YES_ERROR;
				CLANG_WARN_RANGE_LOOP_ANALYSIS = YES;
				CLANG_WARN_STRICT_PROTOTYPES = YES;
				CLANG_WARN_SUSPICIOUS_MOVE = YES;
				CLANG_WARN_UNGUARDED_AVAILABILITY = YES_AGGRESSIVE;
				CLANG_WARN_UNREACHABLE_CODE = YES;
				CLANG_WARN__DUPLICATE_METHOD_MATCH = YES;
				CODE_SIGN_IDENTITY = "iPhone Developer";
				COPY_PHASE_STRIP = NO;
				DEBUG_INFORMATION_FORMAT = "dwarf-with-dsym";
				ENABLE_NS_ASSERTIONS = NO;
				ENABLE_STRICT_OBJC_MSGSEND = YES;
				GCC_C_LANGUAGE_STANDARD = gnu11;
				GCC_NO_COMMON_BLOCKS = YES;
				GCC_WARN_64_TO_32_BIT_CONVERSION = YES;
				GCC_WARN_ABOUT_RETURN_TYPE = YES_ERROR;
				GCC_WARN_UNDECLARED_SELECTOR = YES;
				GCC_WARN_UNINITIALIZED_AUTOS = YES_AGGRESSIVE;
				GCC_WARN_UNUSED_FUNCTION = YES;
				GCC_WARN_UNUSED_VARIABLE = YES;
				IPHONEOS_DEPLOYMENT_TARGET = 11.0;
				MTL_ENABLE_DEBUG_INFO = NO;
				SDKROOT = iphoneos;
				VALIDATE_PRODUCT = YES;
			};
			name = Release;
		};
		E42403211F95F6B300922F48 /* Debug */ = {
			isa = XCBuildConfiguration;
			buildSettings = {
				ASSETCATALOG_COMPILER_APPICON_NAME = AppIcon;
				CODE_SIGN_STYLE = Manual;
				DEVELOPMENT_TEAM = 5JQJ6KEHZ8;
				INFOPLIST_FILE = UNUserNotificationCenter/Info.plist;
				IPHONEOS_DEPLOYMENT_TARGET = 10.0;
				LD_RUNPATH_SEARCH_PATHS = "$(inherited) @executable_path/Frameworks";
				PRODUCT_BUNDLE_IDENTIFIER = muyu.UNUserNotificationCenter;
				PRODUCT_NAME = "$(TARGET_NAME)";
				PROVISIONING_PROFILE = "08a545ec-d962-4494-afc2-390080f36acb";
				PROVISIONING_PROFILE_SPECIFIER = DebugAllApp;
				TARGETED_DEVICE_FAMILY = "1,2";
			};
			name = Debug;
		};
		E42403221F95F6B300922F48 /* Release */ = {
			isa = XCBuildConfiguration;
			buildSettings = {
				ASSETCATALOG_COMPILER_APPICON_NAME = AppIcon;
				CODE_SIGN_STYLE = Manual;
				DEVELOPMENT_TEAM = 5JQJ6KEHZ8;
				INFOPLIST_FILE = UNUserNotificationCenter/Info.plist;
				IPHONEOS_DEPLOYMENT_TARGET = 10.0;
				LD_RUNPATH_SEARCH_PATHS = "$(inherited) @executable_path/Frameworks";
				PRODUCT_BUNDLE_IDENTIFIER = muyu.UNUserNotificationCenter;
				PRODUCT_NAME = "$(TARGET_NAME)";
				PROVISIONING_PROFILE = "08a545ec-d962-4494-afc2-390080f36acb";
				PROVISIONING_PROFILE_SPECIFIER = DebugAllApp;
				TARGETED_DEVICE_FAMILY = "1,2";
			};
			name = Release;
		};
/* End XCBuildConfiguration section */

/* Begin XCConfigurationList section */
		E42403051F95F6B300922F48 /* Build configuration list for PBXProject "UNUserNotificationCenter" */ = {
			isa = XCConfigurationList;
			buildConfigurations = (
				E424031E1F95F6B300922F48 /* Debug */,
				E424031F1F95F6B300922F48 /* Release */,
			);
			defaultConfigurationIsVisible = 0;
			defaultConfigurationName = Release;
		};
		E42403201F95F6B300922F48 /* Build configuration list for PBXNativeTarget "UNUserNotificationCenter" */ = {
			isa = XCConfigurationList;
			buildConfigurations = (
				E42403211F95F6B300922F48 /* Debug */,
				E42403221F95F6B300922F48 /* Release */,
			);
			defaultConfigurationIsVisible = 0;
			defaultConfigurationName = Release;
		};
/* End XCConfigurationList section */
	};
	rootObject = E42403021F95F6B300922F48 /* Project object */;
}
