// !$*UTF8*$!
{
	archiveVersion = 1;
	classes = {
	};
	objectVersion = 50;
	objects = {

/* Begin PBXBuildFile section */
		CDDB51B88E6664EB2B16C57B /* libPods-SQLInjection.a in Frameworks */ = {isa = PBXBuildFile; fileRef = 583046A39EE18BD0890F94C9 /* libPods-SQLInjection.a */; };
		E4BD4A7A211999290008090C /* AppDelegate.m in Sources */ = {isa = PBXBuildFile; fileRef = E4BD4A79211999290008090C /* AppDelegate.m */; };
		E4BD4A7D2119992A0008090C /* ViewController.m in Sources */ = {isa = PBXBuildFile; fileRef = E4BD4A7C2119992A0008090C /* ViewController.m */; };
		E4BD4A802119992A0008090C /* Main.storyboard in Resources */ = {isa = PBXBuildFile; fileRef = E4BD4A7E2119992A0008090C /* Main.storyboard */; };
		E4BD4A822119992D0008090C /* Assets.xcassets in Resources */ = {isa = PBXBuildFile; fileRef = E4BD4A812119992D0008090C /* Assets.xcassets */; };
		E4BD4A852119992D0008090C /* LaunchScreen.storyboard in Resources */ = {isa = PBXBuildFile; fileRef = E4BD4A832119992D0008090C /* LaunchScreen.storyboard */; };
		E4BD4A882119992D0008090C /* main.m in Sources */ = {isa = PBXBuildFile; fileRef = E4BD4A872119992D0008090C /* main.m */; };
/* End PBXBuildFile section */

/* Begin PBXFileReference section */
		4EBC307648B03ACD56CA20E5 /* Pods-SQLInjection.release.xcconfig */ = {isa = PBXFileReference; includeInIndex = 1; lastKnownFileType = text.xcconfig; name = "Pods-SQLInjection.release.xcconfig"; path = "Pods/Target Support Files/Pods-SQLInjection/Pods-SQLInjection.release.xcconfig"; sourceTree = "<group>"; };
		583046A39EE18BD0890F94C9 /* libPods-SQLInjection.a */ = {isa = PBXFileReference; explicitFileType = archive.ar; includeInIndex = 0; path = "libPods-SQLInjection.a"; sourceTree = BUILT_PRODUCTS_DIR; };
		CC22282BBDF0DF6F66B5D8FE /* Pods-SQLInjection.debug.xcconfig */ = {isa = PBXFileReference; includeInIndex = 1; lastKnownFileType = text.xcconfig; name = "Pods-SQLInjection.debug.xcconfig"; path = "Pods/Target Support Files/Pods-SQLInjection/Pods-SQLInjection.debug.xcconfig"; sourceTree = "<group>"; };
		E4BD4A75211999290008090C /* SQLInjection.app */ = {isa = PBXFileReference; explicitFileType = wrapper.application; includeInIndex = 0; path = SQLInjection.app; sourceTree = BUILT_PRODUCTS_DIR; };
		E4BD4A78211999290008090C /* AppDelegate.h */ = {isa = PBXFileReference; lastKnownFileType = sourcecode.c.h; path = AppDelegate.h; sourceTree = "<group>"; };
		E4BD4A79211999290008090C /* AppDelegate.m */ = {isa = PBXFileReference; lastKnownFileType = sourcecode.c.objc; path = AppDelegate.m; sourceTree = "<group>"; };
		E4BD4A7B211999290008090C /* ViewController.h */ = {isa = PBXFileReference; lastKnownFileType = sourcecode.c.h; path = ViewController.h; sourceTree = "<group>"; };
		E4BD4A7C2119992A0008090C /* ViewController.m */ = {isa = PBXFileReference; lastKnownFileType = sourcecode.c.objc; path = ViewController.m; sourceTree = "<group>"; };
		E4BD4A7F2119992A0008090C /* Base */ = {isa = PBXFileReference; lastKnownFileType = file.storyboard; name = Base; path = Base.lproj/Main.storyboard; sourceTree = "<group>"; };
		E4BD4A812119992D0008090C /* Assets.xcassets */ = {isa = PBXFileReference; lastKnownFileType = folder.assetcatalog; path = Assets.xcassets; sourceTree = "<group>"; };
		E4BD4A842119992D0008090C /* Base */ = {isa = PBXFileReference; lastKnownFileType = file.storyboard; name = Base; path = Base.lproj/LaunchScreen.storyboard; sourceTree = "<group>"; };
		E4BD4A862119992D0008090C /* Info.plist */ = {isa = PBXFileReference; lastKnownFileType = text.plist.xml; path = Info.plist; sourceTree = "<group>"; };
		E4BD4A872119992D0008090C /* main.m */ = {isa = PBXFileReference; lastKnownFileType = sourcecode.c.objc; path = main.m; sourceTree = "<group>"; };
/* End PBXFileReference section */

/* Begin PBXFrameworksBuildPhase section */
		E4BD4A72211999290008090C /* Frameworks */ = {
			isa = PBXFrameworksBuildPhase;
			buildActionMask = 2147483647;
			files = (
				CDDB51B88E6664EB2B16C57B /* libPods-SQLInjection.a in Frameworks */,
			);
			runOnlyForDeploymentPostprocessing = 0;
		};
/* End PBXFrameworksBuildPhase section */

/* Begin PBXGroup section */
		5EB77CD4E93D725E84ACC166 /* Pods */ = {
			isa = PBXGroup;
			children = (
				CC22282BBDF0DF6F66B5D8FE /* Pods-SQLInjection.debug.xcconfig */,
				4EBC307648B03ACD56CA20E5 /* Pods-SQLInjection.release.xcconfig */,
			);
			name = Pods;
			sourceTree = "<group>";
		};
		D70CF432DF2198F9AD861531 /* Frameworks */ = {
			isa = PBXGroup;
			children = (
				583046A39EE18BD0890F94C9 /* libPods-SQLInjection.a */,
			);
			name = Frameworks;
			sourceTree = "<group>";
		};
		E4BD4A6C211999290008090C = {
			isa = PBXGroup;
			children = (
				E4BD4A77211999290008090C /* SQLInjection */,
				E4BD4A76211999290008090C /* Products */,
				5EB77CD4E93D725E84ACC166 /* Pods */,
				D70CF432DF2198F9AD861531 /* Frameworks */,
			);
			sourceTree = "<group>";
		};
		E4BD4A76211999290008090C /* Products */ = {
			isa = PBXGroup;
			children = (
				E4BD4A75211999290008090C /* SQLInjection.app */,
			);
			name = Products;
			sourceTree = "<group>";
		};
		E4BD4A77211999290008090C /* SQLInjection */ = {
			isa = PBXGroup;
			children = (
				E4BD4A78211999290008090C /* AppDelegate.h */,
				E4BD4A79211999290008090C /* AppDelegate.m */,
				E4BD4A7B211999290008090C /* ViewController.h */,
				E4BD4A7C2119992A0008090C /* ViewController.m */,
				E4BD4A7E2119992A0008090C /* Main.storyboard */,
				E4BD4A812119992D0008090C /* Assets.xcassets */,
				E4BD4A832119992D0008090C /* LaunchScreen.storyboard */,
				E4BD4A862119992D0008090C /* Info.plist */,
				E4BD4A872119992D0008090C /* main.m */,
			);
			path = SQLInjection;
			sourceTree = "<group>";
		};
/* End PBXGroup section */

/* Begin PBXNativeTarget section */
		E4BD4A74211999290008090C /* SQLInjection */ = {
			isa = PBXNativeTarget;
			buildConfigurationList = E4BD4A8B2119992D0008090C /* Build configuration list for PBXNativeTarget "SQLInjection" */;
			buildPhases = (
				3463C4572841E5C72BE9B8DF /* [CP] Check Pods Manifest.lock */,
				E4BD4A71211999290008090C /* Sources */,
				E4BD4A72211999290008090C /* Frameworks */,
				E4BD4A73211999290008090C /* Resources */,
				1BF1C08E518E7CBEFAF1E675 /* [CP] Copy Pods Resources */,
			);
			buildRules = (
			);
			dependencies = (
			);
			name = SQLInjection;
			productName = SQLInjection;
			productReference = E4BD4A75211999290008090C /* SQLInjection.app */;
			productType = "com.apple.product-type.application";
		};
/* End PBXNativeTarget section */

/* Begin PBXProject section */
		E4BD4A6D211999290008090C /* Project object */ = {
			isa = PBXProject;
			attributes = {
				LastUpgradeCheck = 0940;
				ORGANIZATIONNAME = muyu;
				TargetAttributes = {
					E4BD4A74211999290008090C = {
						CreatedOnToolsVersion = 9.4.1;
					};
				};
			};
			buildConfigurationList = E4BD4A70211999290008090C /* Build configuration list for PBXProject "SQLInjection" */;
			compatibilityVersion = "Xcode 9.3";
			developmentRegion = en;
			hasScannedForEncodings = 0;
			knownRegions = (
				en,
				Base,
			);
			mainGroup = E4BD4A6C211999290008090C;
			productRefGroup = E4BD4A76211999290008090C /* Products */;
			projectDirPath = "";
			projectRoot = "";
			targets = (
				E4BD4A74211999290008090C /* SQLInjection */,
			);
		};
/* End PBXProject section */

/* Begin PBXResourcesBuildPhase section */
		E4BD4A73211999290008090C /* Resources */ = {
			isa = PBXResourcesBuildPhase;
			buildActionMask = 2147483647;
			files = (
				E4BD4A852119992D0008090C /* LaunchScreen.storyboard in Resources */,
				E4BD4A822119992D0008090C /* Assets.xcassets in Resources */,
				E4BD4A802119992A0008090C /* Main.storyboard in Resources */,
			);
			runOnlyForDeploymentPostprocessing = 0;
		};
/* End PBXResourcesBuildPhase section */

/* Begin PBXShellScriptBuildPhase section */
		1BF1C08E518E7CBEFAF1E675 /* [CP] Copy Pods Resources */ = {
			isa = PBXShellScriptBuildPhase;
			buildActionMask = 2147483647;
			files = (
			);
			inputPaths = (
				"${SRCROOT}/Pods/Target Support Files/Pods-SQLInjection/Pods-SQLInjection-resources.sh",
				"${PODS_ROOT}/ZBToastHUD/ZBToastHUD/ZBToastHUD/ZBToastHUD.bundle",
			);
			name = "[CP] Copy Pods Resources";
			outputPaths = (
				"${TARGET_BUILD_DIR}/${UNLOCALIZED_RESOURCES_FOLDER_PATH}/ZBToastHUD.bundle",
			);
			runOnlyForDeploymentPostprocessing = 0;
			shellPath = /bin/sh;
			shellScript = "\"${SRCROOT}/Pods/Target Support Files/Pods-SQLInjection/Pods-SQLInjection-resources.sh\"\n";
			showEnvVarsInLog = 0;
		};
		3463C4572841E5C72BE9B8DF /* [CP] Check Pods Manifest.lock */ = {
			isa = PBXShellScriptBuildPhase;
			buildActionMask = 2147483647;
			files = (
			);
			inputPaths = (
				"${PODS_PODFILE_DIR_PATH}/Podfile.lock",
				"${PODS_ROOT}/Manifest.lock",
			);
			name = "[CP] Check Pods Manifest.lock";
			outputPaths = (
				"$(DERIVED_FILE_DIR)/Pods-SQLInjection-checkManifestLockResult.txt",
			);
			runOnlyForDeploymentPostprocessing = 0;
			shellPath = /bin/sh;
			shellScript = "diff \"${PODS_PODFILE_DIR_PATH}/Podfile.lock\" \"${PODS_ROOT}/Manifest.lock\" > /dev/null\nif [ $? != 0 ] ; then\n    # print error to STDERR\n    echo \"error: The sandbox is not in sync with the Podfile.lock. Run 'pod install' or update your CocoaPods installation.\" >&2\n    exit 1\nfi\n# This output is used by Xcode 'outputs' to avoid re-running this script phase.\necho \"SUCCESS\" > \"${SCRIPT_OUTPUT_FILE_0}\"\n";
			showEnvVarsInLog = 0;
		};
/* End PBXShellScriptBuildPhase section */

/* Begin PBXSourcesBuildPhase section */
		E4BD4A71211999290008090C /* Sources */ = {
			isa = PBXSourcesBuildPhase;
			buildActionMask = 2147483647;
			files = (
				E4BD4A7D2119992A0008090C /* ViewController.m in Sources */,
				E4BD4A882119992D0008090C /* main.m in Sources */,
				E4BD4A7A211999290008090C /* AppDelegate.m in Sources */,
			);
			runOnlyForDeploymentPostprocessing = 0;
		};
/* End PBXSourcesBuildPhase section */

/* Begin PBXVariantGroup section */
		E4BD4A7E2119992A0008090C /* Main.storyboard */ = {
			isa = PBXVariantGroup;
			children = (
				E4BD4A7F2119992A0008090C /* Base */,
			);
			name = Main.storyboard;
			sourceTree = "<group>";
		};
		E4BD4A832119992D0008090C /* LaunchScreen.storyboard */ = {
			isa = PBXVariantGroup;
			children = (
				E4BD4A842119992D0008090C /* Base */,
			);
			name = LaunchScreen.storyboard;
			sourceTree = "<group>";
		};
/* End PBXVariantGroup section */

/* Begin XCBuildConfiguration section */
		E4BD4A892119992D0008090C /* Debug */ = {
			isa = XCBuildConfiguration;
			buildSettings = {
				ALWAYS_SEARCH_USER_PATHS = NO;
				CLANG_ANALYZER_NONNULL = YES;
				CLANG_ANALYZER_NUMBER_OBJECT_CONVERSION = YES_AGGRESSIVE;
				CLANG_CXX_LANGUAGE_STANDARD = "gnu++14";
				CLANG_CXX_LIBRARY = "libc++";
				CLANG_ENABLE_MODULES = YES;
				CLANG_ENABLE_OBJC_ARC = YES;
				CLANG_ENABLE_OBJC_WEAK = YES;
				CLANG_WARN_BLOCK_CAPTURE_AUTORELEASING = YES;
				CLANG_WARN_BOOL_CONVERSION = YES;
				CLANG_WARN_COMMA = YES;
				CLANG_WARN_CONSTANT_CONVERSION = YES;
				CLANG_WARN_DEPRECATED_OBJC_IMPLEMENTATIONS = YES;
				CLANG_WARN_DIRECT_OBJC_ISA_USAGE = YES_ERROR;
				CLANG_WARN_DOCUMENTATION_COMMENTS = YES;
				CLANG_WARN_EMPTY_BODY = YES;
				CLANG_WARN_ENUM_CONVERSION = YES;
				CLANG_WARN_INFINITE_RECURSION = YES;
				CLANG_WARN_INT_CONVERSION = YES;
				CLANG_WARN_NON_LITERAL_NULL_CONVERSION = YES;
				CLANG_WARN_OBJC_IMPLICIT_RETAIN_SELF = YES;
				CLANG_WARN_OBJC_LITERAL_CONVERSION = YES;
				CLANG_WARN_OBJC_ROOT_CLASS = YES_ERROR;
				CLANG_WARN_RANGE_LOOP_ANALYSIS = YES;
				CLANG_WARN_STRICT_PROTOTYPES = YES;
				CLANG_WARN_SUSPICIOUS_MOVE = YES;
				CLANG_WARN_UNGUARDED_AVAILABILITY = YES_AGGRESSIVE;
				CLANG_WARN_UNREACHABLE_CODE = YES;
				CLANG_WARN__DUPLICATE_METHOD_MATCH = YES;
				CODE_SIGN_IDENTITY = "iPhone Developer";
				COPY_PHASE_STRIP = NO;
				DEBUG_INFORMATION_FORMAT = dwarf;
				ENABLE_STRICT_OBJC_MSGSEND = YES;
				ENABLE_TESTABILITY = YES;
				GCC_C_LANGUAGE_STANDARD = gnu11;
				GCC_DYNAMIC_NO_PIC = NO;
				GCC_NO_COMMON_BLOCKS = YES;
				GCC_OPTIMIZATION_LEVEL = 0;
				GCC_PREPROCESSOR_DEFINITIONS = (
					"DEBUG=1",
					"$(inherited)",
				);
				GCC_WARN_64_TO_32_BIT_CONVERSION = YES;
				GCC_WARN_ABOUT_RETURN_TYPE = YES_ERROR;
				GCC_WARN_UNDECLARED_SELECTOR = YES;
				GCC_WARN_UNINITIALIZED_AUTOS = YES_AGGRESSIVE;
				GCC_WARN_UNUSED_FUNCTION = YES;
				GCC_WARN_UNUSED_VARIABLE = YES;
				IPHONEOS_DEPLOYMENT_TARGET = 11.4;
				MTL_ENABLE_DEBUG_INFO = YES;
				ONLY_ACTIVE_ARCH = YES;
				SDKROOT = iphoneos;
			};
			name = Debug;
		};
		E4BD4A8A2119992D0008090C /* Release */ = {
			isa = XCBuildConfiguration;
			buildSettings = {
				ALWAYS_SEARCH_USER_PATHS = NO;
				CLANG_ANALYZER_NONNULL = YES;
				CLANG_ANALYZER_NUMBER_OBJECT_CONVERSION = YES_AGGRESSIVE;
				CLANG_CXX_LANGUAGE_STANDARD = "gnu++14";
				CLANG_CXX_LIBRARY = "libc++";
				CLANG_ENABLE_MODULES = YES;
				CLANG_ENABLE_OBJC_ARC = YES;
				CLANG_ENABLE_OBJC_WEAK = YES;
				CLANG_WARN_BLOCK_CAPTURE_AUTORELEASING = YES;
				CLANG_WARN_BOOL_CONVERSION = YES;
				CLANG_WARN_COMMA = YES;
				CLANG_WARN_CONSTANT_CONVERSION = YES;
				CLANG_WARN_DEPRECATED_OBJC_IMPLEMENTATIONS = YES;
				CLANG_WARN_DIRECT_OBJC_ISA_USAGE = YES_ERROR;
				CLANG_WARN_DOCUMENTATION_COMMENTS = YES;
				CLANG_WARN_EMPTY_BODY = YES;
				CLANG_WARN_ENUM_CONVERSION = YES;
				CLANG_WARN_INFINITE_RECURSION = YES;
				CLANG_WARN_INT_CONVERSION = YES;
				CLANG_WARN_NON_LITERAL_NULL_CONVERSION = YES;
				CLANG_WARN_OBJC_IMPLICIT_RETAIN_SELF = YES;
				CLANG_WARN_OBJC_LITERAL_CONVERSION = YES;
				CLANG_WARN_OBJC_ROOT_CLASS = YES_ERROR;
				CLANG_WARN_RANGE_LOOP_ANALYSIS = YES;
				CLANG_WARN_STRICT_PROTOTYPES = YES;
				CLANG_WARN_SUSPICIOUS_MOVE = YES;
				CLANG_WARN_UNGUARDED_AVAILABILITY = YES_AGGRESSIVE;
				CLANG_WARN_UNREACHABLE_CODE = YES;
				CLANG_WARN__DUPLICATE_METHOD_MATCH = YES;
				CODE_SIGN_IDENTITY = "iPhone Developer";
				COPY_PHASE_STRIP = NO;
				DEBUG_INFORMATION_FORMAT = "dwarf-with-dsym";
				ENABLE_NS_ASSERTIONS = NO;
				ENABLE_STRICT_OBJC_MSGSEND = YES;
				GCC_C_LANGUAGE_STANDARD = gnu11;
				GCC_NO_COMMON_BLOCKS = YES;
				GCC_WARN_64_TO_32_BIT_CONVERSION = YES;
				GCC_WARN_ABOUT_RETURN_TYPE = YES_ERROR;
				GCC_WARN_UNDECLARED_SELECTOR = YES;
				GCC_WARN_UNINITIALIZED_AUTOS = YES_AGGRESSIVE;
				GCC_WARN_UNUSED_FUNCTION = YES;
				GCC_WARN_UNUSED_VARIABLE = YES;
				IPHONEOS_DEPLOYMENT_TARGET = 11.4;
				MTL_ENABLE_DEBUG_INFO = NO;
				SDKROOT = iphoneos;
				VALIDATE_PRODUCT = YES;
			};
			name = Release;
		};
		E4BD4A8C2119992D0008090C /* Debug */ = {
			isa = XCBuildConfiguration;
			baseConfigurationReference = CC22282BBDF0DF6F66B5D8FE /* Pods-SQLInjection.debug.xcconfig */;
			buildSettings = {
				ASSETCATALOG_COMPILER_APPICON_NAME = AppIcon;
				CODE_SIGN_STYLE = Automatic;
				INFOPLIST_FILE = SQLInjection/Info.plist;
				LD_RUNPATH_SEARCH_PATHS = (
					"$(inherited)",
					"@executable_path/Frameworks",
				);
				PRODUCT_BUNDLE_IDENTIFIER = muyu.SQLInjection;
				PRODUCT_NAME = "$(TARGET_NAME)";
				TARGETED_DEVICE_FAMILY = "1,2";
			};
			name = Debug;
		};
		E4BD4A8D2119992D0008090C /* Release */ = {
			isa = XCBuildConfiguration;
			baseConfigurationReference = 4EBC307648B03ACD56CA20E5 /* Pods-SQLInjection.release.xcconfig */;
			buildSettings = {
				ASSETCATALOG_COMPILER_APPICON_NAME = AppIcon;
				CODE_SIGN_STYLE = Automatic;
				INFOPLIST_FILE = SQLInjection/Info.plist;
				LD_RUNPATH_SEARCH_PATHS = (
					"$(inherited)",
					"@executable_path/Frameworks",
				);
				PRODUCT_BUNDLE_IDENTIFIER = muyu.SQLInjection;
				PRODUCT_NAME = "$(TARGET_NAME)";
				TARGETED_DEVICE_FAMILY = "1,2";
			};
			name = Release;
		};
/* End XCBuildConfiguration section */

/* Begin XCConfigurationList section */
		E4BD4A70211999290008090C /* Build configuration list for PBXProject "SQLInjection" */ = {
			isa = XCConfigurationList;
			buildConfigurations = (
				E4BD4A892119992D0008090C /* Debug */,
				E4BD4A8A2119992D0008090C /* Release */,
			);
			defaultConfigurationIsVisible = 0;
			defaultConfigurationName = Release;
		};
		E4BD4A8B2119992D0008090C /* Build configuration list for PBXNativeTarget "SQLInjection" */ = {
			isa = XCConfigurationList;
			buildConfigurations = (
				E4BD4A8C2119992D0008090C /* Debug */,
				E4BD4A8D2119992D0008090C /* Release */,
			);
			defaultConfigurationIsVisible = 0;
			defaultConfigurationName = Release;
		};
/* End XCConfigurationList section */
	};
	rootObject = E4BD4A6D211999290008090C /* Project object */;
}
