// !$*UTF8*$!
{
	archiveVersion = 1;
	classes = {
	};
	objectVersion = 50;
	objects = {

/* Begin PBXBuildFile section */
		671DD0D9567F3E3F0D78B4B8 /* libPods-ScrollViewMasonry.a in Frameworks */ = {isa = PBXBuildFile; fileRef = 57808D33CC5F1D65CC8C91A8 /* libPods-ScrollViewMasonry.a */; };
		E474DA852122D16F0087E4D7 /* AppDelegate.m in Sources */ = {isa = PBXBuildFile; fileRef = E474DA842122D16F0087E4D7 /* AppDelegate.m */; };
		E474DA882122D16F0087E4D7 /* ViewController.m in Sources */ = {isa = PBXBuildFile; fileRef = E474DA872122D16F0087E4D7 /* ViewController.m */; };
		E474DA8B2122D16F0087E4D7 /* Main.storyboard in Resources */ = {isa = PBXBuildFile; fileRef = E474DA892122D16F0087E4D7 /* Main.storyboard */; };
		E474DA8D2122D1710087E4D7 /* Assets.xcassets in Resources */ = {isa = PBXBuildFile; fileRef = E474DA8C2122D1710087E4D7 /* Assets.xcassets */; };
		E474DA902122D1710087E4D7 /* LaunchScreen.storyboard in Resources */ = {isa = PBXBuildFile; fileRef = E474DA8E2122D1710087E4D7 /* LaunchScreen.storyboard */; };
		E474DA932122D1710087E4D7 /* main.m in Sources */ = {isa = PBXBuildFile; fileRef = E474DA922122D1710087E4D7 /* main.m */; };
		E474DB29212461D90087E4D7 /* OneViewController.m in Sources */ = {isa = PBXBuildFile; fileRef = E474DB28212461D90087E4D7 /* OneViewController.m */; };
		E474DB2C212462840087E4D7 /* SecondViewController.m in Sources */ = {isa = PBXBuildFile; fileRef = E474DB2B212462840087E4D7 /* SecondViewController.m */; };
		E474DB2F212464940087E4D7 /* Second1View.m in Sources */ = {isa = PBXBuildFile; fileRef = E474DB2E212464940087E4D7 /* Second1View.m */; };
		E474DB32212464A20087E4D7 /* Second2View.m in Sources */ = {isa = PBXBuildFile; fileRef = E474DB31212464A20087E4D7 /* Second2View.m */; };
		E474DB35212464AF0087E4D7 /* Second3View.m in Sources */ = {isa = PBXBuildFile; fileRef = E474DB34212464AF0087E4D7 /* Second3View.m */; };
		E474DB38212464BB0087E4D7 /* Second4View.m in Sources */ = {isa = PBXBuildFile; fileRef = E474DB37212464BB0087E4D7 /* Second4View.m */; };
/* End PBXBuildFile section */

/* Begin PBXFileReference section */
		3CD2F4238CCF572308E41F27 /* Pods-ScrollViewMasonry.debug.xcconfig */ = {isa = PBXFileReference; includeInIndex = 1; lastKnownFileType = text.xcconfig; name = "Pods-ScrollViewMasonry.debug.xcconfig"; path = "Pods/Target Support Files/Pods-ScrollViewMasonry/Pods-ScrollViewMasonry.debug.xcconfig"; sourceTree = "<group>"; };
		57808D33CC5F1D65CC8C91A8 /* libPods-ScrollViewMasonry.a */ = {isa = PBXFileReference; explicitFileType = archive.ar; includeInIndex = 0; path = "libPods-ScrollViewMasonry.a"; sourceTree = BUILT_PRODUCTS_DIR; };
		E474DA802122D16F0087E4D7 /* ScrollViewMasonry.app */ = {isa = PBXFileReference; explicitFileType = wrapper.application; includeInIndex = 0; path = ScrollViewMasonry.app; sourceTree = BUILT_PRODUCTS_DIR; };
		E474DA832122D16F0087E4D7 /* AppDelegate.h */ = {isa = PBXFileReference; lastKnownFileType = sourcecode.c.h; path = AppDelegate.h; sourceTree = "<group>"; };
		E474DA842122D16F0087E4D7 /* AppDelegate.m */ = {isa = PBXFileReference; lastKnownFileType = sourcecode.c.objc; path = AppDelegate.m; sourceTree = "<group>"; };
		E474DA862122D16F0087E4D7 /* ViewController.h */ = {isa = PBXFileReference; lastKnownFileType = sourcecode.c.h; path = ViewController.h; sourceTree = "<group>"; };
		E474DA872122D16F0087E4D7 /* ViewController.m */ = {isa = PBXFileReference; lastKnownFileType = sourcecode.c.objc; path = ViewController.m; sourceTree = "<group>"; };
		E474DA8A2122D16F0087E4D7 /* Base */ = {isa = PBXFileReference; lastKnownFileType = file.storyboard; name = Base; path = Base.lproj/Main.storyboard; sourceTree = "<group>"; };
		E474DA8C2122D1710087E4D7 /* Assets.xcassets */ = {isa = PBXFileReference; lastKnownFileType = folder.assetcatalog; path = Assets.xcassets; sourceTree = "<group>"; };
		E474DA8F2122D1710087E4D7 /* Base */ = {isa = PBXFileReference; lastKnownFileType = file.storyboard; name = Base; path = Base.lproj/LaunchScreen.storyboard; sourceTree = "<group>"; };
		E474DA912122D1710087E4D7 /* Info.plist */ = {isa = PBXFileReference; lastKnownFileType = text.plist.xml; path = Info.plist; sourceTree = "<group>"; };
		E474DA922122D1710087E4D7 /* main.m */ = {isa = PBXFileReference; lastKnownFileType = sourcecode.c.objc; path = main.m; sourceTree = "<group>"; };
		E474DB27212461D90087E4D7 /* OneViewController.h */ = {isa = PBXFileReference; lastKnownFileType = sourcecode.c.h; path = OneViewController.h; sourceTree = "<group>"; };
		E474DB28212461D90087E4D7 /* OneViewController.m */ = {isa = PBXFileReference; lastKnownFileType = sourcecode.c.objc; path = OneViewController.m; sourceTree = "<group>"; };
		E474DB2A212462840087E4D7 /* SecondViewController.h */ = {isa = PBXFileReference; lastKnownFileType = sourcecode.c.h; path = SecondViewController.h; sourceTree = "<group>"; };
		E474DB2B212462840087E4D7 /* SecondViewController.m */ = {isa = PBXFileReference; lastKnownFileType = sourcecode.c.objc; path = SecondViewController.m; sourceTree = "<group>"; };
		E474DB2D212464940087E4D7 /* Second1View.h */ = {isa = PBXFileReference; lastKnownFileType = sourcecode.c.h; path = Second1View.h; sourceTree = "<group>"; };
		E474DB2E212464940087E4D7 /* Second1View.m */ = {isa = PBXFileReference; lastKnownFileType = sourcecode.c.objc; path = Second1View.m; sourceTree = "<group>"; };
		E474DB30212464A20087E4D7 /* Second2View.h */ = {isa = PBXFileReference; lastKnownFileType = sourcecode.c.h; path = Second2View.h; sourceTree = "<group>"; };
		E474DB31212464A20087E4D7 /* Second2View.m */ = {isa = PBXFileReference; lastKnownFileType = sourcecode.c.objc; path = Second2View.m; sourceTree = "<group>"; };
		E474DB33212464AF0087E4D7 /* Second3View.h */ = {isa = PBXFileReference; lastKnownFileType = sourcecode.c.h; path = Second3View.h; sourceTree = "<group>"; };
		E474DB34212464AF0087E4D7 /* Second3View.m */ = {isa = PBXFileReference; lastKnownFileType = sourcecode.c.objc; path = Second3View.m; sourceTree = "<group>"; };
		E474DB36212464BB0087E4D7 /* Second4View.h */ = {isa = PBXFileReference; lastKnownFileType = sourcecode.c.h; path = Second4View.h; sourceTree = "<group>"; };
		E474DB37212464BB0087E4D7 /* Second4View.m */ = {isa = PBXFileReference; lastKnownFileType = sourcecode.c.objc; path = Second4View.m; sourceTree = "<group>"; };
		F9DB706FA57A83748EBF9443 /* Pods-ScrollViewMasonry.release.xcconfig */ = {isa = PBXFileReference; includeInIndex = 1; lastKnownFileType = text.xcconfig; name = "Pods-ScrollViewMasonry.release.xcconfig"; path = "Pods/Target Support Files/Pods-ScrollViewMasonry/Pods-ScrollViewMasonry.release.xcconfig"; sourceTree = "<group>"; };
/* End PBXFileReference section */

/* Begin PBXFrameworksBuildPhase section */
		E474DA7D2122D16F0087E4D7 /* Frameworks */ = {
			isa = PBXFrameworksBuildPhase;
			buildActionMask = 2147483647;
			files = (
				671DD0D9567F3E3F0D78B4B8 /* libPods-ScrollViewMasonry.a in Frameworks */,
			);
			runOnlyForDeploymentPostprocessing = 0;
		};
/* End PBXFrameworksBuildPhase section */

/* Begin PBXGroup section */
		3ABA7D33DE66C9CBD00A15C3 /* Pods */ = {
			isa = PBXGroup;
			children = (
				3CD2F4238CCF572308E41F27 /* Pods-ScrollViewMasonry.debug.xcconfig */,
				F9DB706FA57A83748EBF9443 /* Pods-ScrollViewMasonry.release.xcconfig */,
			);
			name = Pods;
			sourceTree = "<group>";
		};
		3D3EE0D5655C8E8E6E15B474 /* Frameworks */ = {
			isa = PBXGroup;
			children = (
				57808D33CC5F1D65CC8C91A8 /* libPods-ScrollViewMasonry.a */,
			);
			name = Frameworks;
			sourceTree = "<group>";
		};
		E474DA772122D16F0087E4D7 = {
			isa = PBXGroup;
			children = (
				E474DA822122D16F0087E4D7 /* ScrollViewMasonry */,
				E474DA812122D16F0087E4D7 /* Products */,
				3ABA7D33DE66C9CBD00A15C3 /* Pods */,
				3D3EE0D5655C8E8E6E15B474 /* Frameworks */,
			);
			sourceTree = "<group>";
		};
		E474DA812122D16F0087E4D7 /* Products */ = {
			isa = PBXGroup;
			children = (
				E474DA802122D16F0087E4D7 /* ScrollViewMasonry.app */,
			);
			name = Products;
			sourceTree = "<group>";
		};
		E474DA822122D16F0087E4D7 /* ScrollViewMasonry */ = {
			isa = PBXGroup;
			children = (
				E474DA832122D16F0087E4D7 /* AppDelegate.h */,
				E474DA842122D16F0087E4D7 /* AppDelegate.m */,
				E474DA8C2122D1710087E4D7 /* Assets.xcassets */,
				E474DA912122D1710087E4D7 /* Info.plist */,
				E474DA8E2122D1710087E4D7 /* LaunchScreen.storyboard */,
				E474DA922122D1710087E4D7 /* main.m */,
				E474DA892122D16F0087E4D7 /* Main.storyboard */,
				E474DB27212461D90087E4D7 /* OneViewController.h */,
				E474DB28212461D90087E4D7 /* OneViewController.m */,
				E474DB2A212462840087E4D7 /* SecondViewController.h */,
				E474DB2B212462840087E4D7 /* SecondViewController.m */,
				E474DA862122D16F0087E4D7 /* ViewController.h */,
				E474DA872122D16F0087E4D7 /* ViewController.m */,
				E474DB2D212464940087E4D7 /* Second1View.h */,
				E474DB2E212464940087E4D7 /* Second1View.m */,
				E474DB30212464A20087E4D7 /* Second2View.h */,
				E474DB31212464A20087E4D7 /* Second2View.m */,
				E474DB33212464AF0087E4D7 /* Second3View.h */,
				E474DB34212464AF0087E4D7 /* Second3View.m */,
				E474DB36212464BB0087E4D7 /* Second4View.h */,
				E474DB37212464BB0087E4D7 /* Second4View.m */,
			);
			path = ScrollViewMasonry;
			sourceTree = "<group>";
		};
/* End PBXGroup section */

/* Begin PBXNativeTarget section */
		E474DA7F2122D16F0087E4D7 /* ScrollViewMasonry */ = {
			isa = PBXNativeTarget;
			buildConfigurationList = E474DA962122D1710087E4D7 /* Build configuration list for PBXNativeTarget "ScrollViewMasonry" */;
			buildPhases = (
				F105E234F9DA02F69E1E98D1 /* [CP] Check Pods Manifest.lock */,
				E474DA7C2122D16F0087E4D7 /* Sources */,
				E474DA7D2122D16F0087E4D7 /* Frameworks */,
				E474DA7E2122D16F0087E4D7 /* Resources */,
			);
			buildRules = (
			);
			dependencies = (
			);
			name = ScrollViewMasonry;
			productName = ScrollViewMasonry;
			productReference = E474DA802122D16F0087E4D7 /* ScrollViewMasonry.app */;
			productType = "com.apple.product-type.application";
		};
/* End PBXNativeTarget section */

/* Begin PBXProject section */
		E474DA782122D16F0087E4D7 /* Project object */ = {
			isa = PBXProject;
			attributes = {
				LastUpgradeCheck = 0940;
				ORGANIZATIONNAME = muyu;
				TargetAttributes = {
					E474DA7F2122D16F0087E4D7 = {
						CreatedOnToolsVersion = 9.4.1;
					};
				};
			};
			buildConfigurationList = E474DA7B2122D16F0087E4D7 /* Build configuration list for PBXProject "ScrollViewMasonry" */;
			compatibilityVersion = "Xcode 9.3";
			developmentRegion = en;
			hasScannedForEncodings = 0;
			knownRegions = (
				en,
				Base,
			);
			mainGroup = E474DA772122D16F0087E4D7;
			productRefGroup = E474DA812122D16F0087E4D7 /* Products */;
			projectDirPath = "";
			projectRoot = "";
			targets = (
				E474DA7F2122D16F0087E4D7 /* ScrollViewMasonry */,
			);
		};
/* End PBXProject section */

/* Begin PBXResourcesBuildPhase section */
		E474DA7E2122D16F0087E4D7 /* Resources */ = {
			isa = PBXResourcesBuildPhase;
			buildActionMask = 2147483647;
			files = (
				E474DA902122D1710087E4D7 /* LaunchScreen.storyboard in Resources */,
				E474DA8D2122D1710087E4D7 /* Assets.xcassets in Resources */,
				E474DA8B2122D16F0087E4D7 /* Main.storyboard in Resources */,
			);
			runOnlyForDeploymentPostprocessing = 0;
		};
/* End PBXResourcesBuildPhase section */

/* Begin PBXShellScriptBuildPhase section */
		F105E234F9DA02F69E1E98D1 /* [CP] Check Pods Manifest.lock */ = {
			isa = PBXShellScriptBuildPhase;
			buildActionMask = 2147483647;
			files = (
			);
			inputPaths = (
				"${PODS_PODFILE_DIR_PATH}/Podfile.lock",
				"${PODS_ROOT}/Manifest.lock",
			);
			name = "[CP] Check Pods Manifest.lock";
			outputPaths = (
				"$(DERIVED_FILE_DIR)/Pods-ScrollViewMasonry-checkManifestLockResult.txt",
			);
			runOnlyForDeploymentPostprocessing = 0;
			shellPath = /bin/sh;
			shellScript = "diff \"${PODS_PODFILE_DIR_PATH}/Podfile.lock\" \"${PODS_ROOT}/Manifest.lock\" > /dev/null\nif [ $? != 0 ] ; then\n    # print error to STDERR\n    echo \"error: The sandbox is not in sync with the Podfile.lock. Run 'pod install' or update your CocoaPods installation.\" >&2\n    exit 1\nfi\n# This output is used by Xcode 'outputs' to avoid re-running this script phase.\necho \"SUCCESS\" > \"${SCRIPT_OUTPUT_FILE_0}\"\n";
			showEnvVarsInLog = 0;
		};
/* End PBXShellScriptBuildPhase section */

/* Begin PBXSourcesBuildPhase section */
		E474DA7C2122D16F0087E4D7 /* Sources */ = {
			isa = PBXSourcesBuildPhase;
			buildActionMask = 2147483647;
			files = (
				E474DB32212464A20087E4D7 /* Second2View.m in Sources */,
				E474DB2F212464940087E4D7 /* Second1View.m in Sources */,
				E474DB35212464AF0087E4D7 /* Second3View.m in Sources */,
				E474DB2C212462840087E4D7 /* SecondViewController.m in Sources */,
				E474DA882122D16F0087E4D7 /* ViewController.m in Sources */,
				E474DA932122D1710087E4D7 /* main.m in Sources */,
				E474DB38212464BB0087E4D7 /* Second4View.m in Sources */,
				E474DA852122D16F0087E4D7 /* AppDelegate.m in Sources */,
				E474DB29212461D90087E4D7 /* OneViewController.m in Sources */,
			);
			runOnlyForDeploymentPostprocessing = 0;
		};
/* End PBXSourcesBuildPhase section */

/* Begin PBXVariantGroup section */
		E474DA892122D16F0087E4D7 /* Main.storyboard */ = {
			isa = PBXVariantGroup;
			children = (
				E474DA8A2122D16F0087E4D7 /* Base */,
			);
			name = Main.storyboard;
			sourceTree = "<group>";
		};
		E474DA8E2122D1710087E4D7 /* LaunchScreen.storyboard */ = {
			isa = PBXVariantGroup;
			children = (
				E474DA8F2122D1710087E4D7 /* Base */,
			);
			name = LaunchScreen.storyboard;
			sourceTree = "<group>";
		};
/* End PBXVariantGroup section */

/* Begin XCBuildConfiguration section */
		E474DA942122D1710087E4D7 /* Debug */ = {
			isa = XCBuildConfiguration;
			buildSettings = {
				ALWAYS_SEARCH_USER_PATHS = NO;
				CLANG_ANALYZER_NONNULL = YES;
				CLANG_ANALYZER_NUMBER_OBJECT_CONVERSION = YES_AGGRESSIVE;
				CLANG_CXX_LANGUAGE_STANDARD = "gnu++14";
				CLANG_CXX_LIBRARY = "libc++";
				CLANG_ENABLE_MODULES = YES;
				CLANG_ENABLE_OBJC_ARC = YES;
				CLANG_ENABLE_OBJC_WEAK = YES;
				CLANG_WARN_BLOCK_CAPTURE_AUTORELEASING = YES;
				CLANG_WARN_BOOL_CONVERSION = YES;
				CLANG_WARN_COMMA = YES;
				CLANG_WARN_CONSTANT_CONVERSION = YES;
				CLANG_WARN_DEPRECATED_OBJC_IMPLEMENTATIONS = YES;
				CLANG_WARN_DIRECT_OBJC_ISA_USAGE = YES_ERROR;
				CLANG_WARN_DOCUMENTATION_COMMENTS = YES;
				CLANG_WARN_EMPTY_BODY = YES;
				CLANG_WARN_ENUM_CONVERSION = YES;
				CLANG_WARN_INFINITE_RECURSION = YES;
				CLANG_WARN_INT_CONVERSION = YES;
				CLANG_WARN_NON_LITERAL_NULL_CONVERSION = YES;
				CLANG_WARN_OBJC_IMPLICIT_RETAIN_SELF = YES;
				CLANG_WARN_OBJC_LITERAL_CONVERSION = YES;
				CLANG_WARN_OBJC_ROOT_CLASS = YES_ERROR;
				CLANG_WARN_RANGE_LOOP_ANALYSIS = YES;
				CLANG_WARN_STRICT_PROTOTYPES = YES;
				CLANG_WARN_SUSPICIOUS_MOVE = YES;
				CLANG_WARN_UNGUARDED_AVAILABILITY = YES_AGGRESSIVE;
				CLANG_WARN_UNREACHABLE_CODE = YES;
				CLANG_WARN__DUPLICATE_METHOD_MATCH = YES;
				CODE_SIGN_IDENTITY = "iPhone Developer";
				COPY_PHASE_STRIP = NO;
				DEBUG_INFORMATION_FORMAT = dwarf;
				ENABLE_STRICT_OBJC_MSGSEND = YES;
				ENABLE_TESTABILITY = YES;
				GCC_C_LANGUAGE_STANDARD = gnu11;
				GCC_DYNAMIC_NO_PIC = NO;
				GCC_NO_COMMON_BLOCKS = YES;
				GCC_OPTIMIZATION_LEVEL = 0;
				GCC_PREPROCESSOR_DEFINITIONS = (
					"DEBUG=1",
					"$(inherited)",
				);
				GCC_WARN_64_TO_32_BIT_CONVERSION = YES;
				GCC_WARN_ABOUT_RETURN_TYPE = YES_ERROR;
				GCC_WARN_UNDECLARED_SELECTOR = YES;
				GCC_WARN_UNINITIALIZED_AUTOS = YES_AGGRESSIVE;
				GCC_WARN_UNUSED_FUNCTION = YES;
				GCC_WARN_UNUSED_VARIABLE = YES;
				IPHONEOS_DEPLOYMENT_TARGET = 11.4;
				MTL_ENABLE_DEBUG_INFO = YES;
				ONLY_ACTIVE_ARCH = YES;
				SDKROOT = iphoneos;
			};
			name = Debug;
		};
		E474DA952122D1710087E4D7 /* Release */ = {
			isa = XCBuildConfiguration;
			buildSettings = {
				ALWAYS_SEARCH_USER_PATHS = NO;
				CLANG_ANALYZER_NONNULL = YES;
				CLANG_ANALYZER_NUMBER_OBJECT_CONVERSION = YES_AGGRESSIVE;
				CLANG_CXX_LANGUAGE_STANDARD = "gnu++14";
				CLANG_CXX_LIBRARY = "libc++";
				CLANG_ENABLE_MODULES = YES;
				CLANG_ENABLE_OBJC_ARC = YES;
				CLANG_ENABLE_OBJC_WEAK = YES;
				CLANG_WARN_BLOCK_CAPTURE_AUTORELEASING = YES;
				CLANG_WARN_BOOL_CONVERSION = YES;
				CLANG_WARN_COMMA = YES;
				CLANG_WARN_CONSTANT_CONVERSION = YES;
				CLANG_WARN_DEPRECATED_OBJC_IMPLEMENTATIONS = YES;
				CLANG_WARN_DIRECT_OBJC_ISA_USAGE = YES_ERROR;
				CLANG_WARN_DOCUMENTATION_COMMENTS = YES;
				CLANG_WARN_EMPTY_BODY = YES;
				CLANG_WARN_ENUM_CONVERSION = YES;
				CLANG_WARN_INFINITE_RECURSION = YES;
				CLANG_WARN_INT_CONVERSION = YES;
				CLANG_WARN_NON_LITERAL_NULL_CONVERSION = YES;
				CLANG_WARN_OBJC_IMPLICIT_RETAIN_SELF = YES;
				CLANG_WARN_OBJC_LITERAL_CONVERSION = YES;
				CLANG_WARN_OBJC_ROOT_CLASS = YES_ERROR;
				CLANG_WARN_RANGE_LOOP_ANALYSIS = YES;
				CLANG_WARN_STRICT_PROTOTYPES = YES;
				CLANG_WARN_SUSPICIOUS_MOVE = YES;
				CLANG_WARN_UNGUARDED_AVAILABILITY = YES_AGGRESSIVE;
				CLANG_WARN_UNREACHABLE_CODE = YES;
				CLANG_WARN__DUPLICATE_METHOD_MATCH = YES;
				CODE_SIGN_IDENTITY = "iPhone Developer";
				COPY_PHASE_STRIP = NO;
				DEBUG_INFORMATION_FORMAT = "dwarf-with-dsym";
				ENABLE_NS_ASSERTIONS = NO;
				ENABLE_STRICT_OBJC_MSGSEND = YES;
				GCC_C_LANGUAGE_STANDARD = gnu11;
				GCC_NO_COMMON_BLOCKS = YES;
				GCC_WARN_64_TO_32_BIT_CONVERSION = YES;
				GCC_WARN_ABOUT_RETURN_TYPE = YES_ERROR;
				GCC_WARN_UNDECLARED_SELECTOR = YES;
				GCC_WARN_UNINITIALIZED_AUTOS = YES_AGGRESSIVE;
				GCC_WARN_UNUSED_FUNCTION = YES;
				GCC_WARN_UNUSED_VARIABLE = YES;
				IPHONEOS_DEPLOYMENT_TARGET = 11.4;
				MTL_ENABLE_DEBUG_INFO = NO;
				SDKROOT = iphoneos;
				VALIDATE_PRODUCT = YES;
			};
			name = Release;
		};
		E474DA972122D1710087E4D7 /* Debug */ = {
			isa = XCBuildConfiguration;
			baseConfigurationReference = 3CD2F4238CCF572308E41F27 /* Pods-ScrollViewMasonry.debug.xcconfig */;
			buildSettings = {
				ASSETCATALOG_COMPILER_APPICON_NAME = AppIcon;
				CODE_SIGN_STYLE = Automatic;
				INFOPLIST_FILE = ScrollViewMasonry/Info.plist;
				LD_RUNPATH_SEARCH_PATHS = (
					"$(inherited)",
					"@executable_path/Frameworks",
				);
				PRODUCT_BUNDLE_IDENTIFIER = muyu.ScrollViewMasonry;
				PRODUCT_NAME = "$(TARGET_NAME)";
				TARGETED_DEVICE_FAMILY = "1,2";
			};
			name = Debug;
		};
		E474DA982122D1710087E4D7 /* Release */ = {
			isa = XCBuildConfiguration;
			baseConfigurationReference = F9DB706FA57A83748EBF9443 /* Pods-ScrollViewMasonry.release.xcconfig */;
			buildSettings = {
				ASSETCATALOG_COMPILER_APPICON_NAME = AppIcon;
				CODE_SIGN_STYLE = Automatic;
				INFOPLIST_FILE = ScrollViewMasonry/Info.plist;
				LD_RUNPATH_SEARCH_PATHS = (
					"$(inherited)",
					"@executable_path/Frameworks",
				);
				PRODUCT_BUNDLE_IDENTIFIER = muyu.ScrollViewMasonry;
				PRODUCT_NAME = "$(TARGET_NAME)";
				TARGETED_DEVICE_FAMILY = "1,2";
			};
			name = Release;
		};
/* End XCBuildConfiguration section */

/* Begin XCConfigurationList section */
		E474DA7B2122D16F0087E4D7 /* Build configuration list for PBXProject "ScrollViewMasonry" */ = {
			isa = XCConfigurationList;
			buildConfigurations = (
				E474DA942122D1710087E4D7 /* Debug */,
				E474DA952122D1710087E4D7 /* Release */,
			);
			defaultConfigurationIsVisible = 0;
			defaultConfigurationName = Release;
		};
		E474DA962122D1710087E4D7 /* Build configuration list for PBXNativeTarget "ScrollViewMasonry" */ = {
			isa = XCConfigurationList;
			buildConfigurations = (
				E474DA972122D1710087E4D7 /* Debug */,
				E474DA982122D1710087E4D7 /* Release */,
			);
			defaultConfigurationIsVisible = 0;
			defaultConfigurationName = Release;
		};
/* End XCConfigurationList section */
	};
	rootObject = E474DA782122D16F0087E4D7 /* Project object */;
}
